
Microsoft Visual Studio Solution File, Format Version 12.00
# Visual Studio Version 16
VisualStudioVersion = 16.0.32802.440
MinimumVisualStudioVersion = 10.0.40219.1
Project("{FAE04EC0-301F-11D3-BF4B-00C04F79EFBC}") = "ImprovedStopSelection", "ImprovedStopSelection\ImprovedStopSelection.csproj", "{94674F58-4ADD-4229-A5C4-0FAC2413ADC3}"
EndProject
Global
	GlobalSection(SolutionConfigurationPlatforms) = preSolution
		Beta Debug|Any CPU = Beta Debug|Any CPU
		Beta Release|Any CPU = Beta Release|Any CPU
		Stable Debug|Any CPU = Stable Debug|Any CPU
		Stable Release|Any CPU = Stable Release|Any CPU
	EndGlobalSection
	GlobalSection(ProjectConfigurationPlatforms) = postSolution
		{94674F58-4ADD-4229-A5C4-0FAC2413ADC3}.Beta Debug|Any CPU.ActiveCfg = Beta Debug|Any CPU
		{94674F58-4ADD-4229-A5C4-0FAC2413ADC3}.Beta Debug|Any CPU.Build.0 = Beta Debug|Any CPU
		{94674F58-4ADD-4229-A5C4-0FAC2413ADC3}.Beta Release|Any CPU.ActiveCfg = Beta Release|Any CPU
		{94674F58-4ADD-4229-A5C4-0FAC2413ADC3}.Beta Release|Any CPU.Build.0 = Beta Release|Any CPU
		{94674F58-4ADD-4229-A5C4-0FAC2413ADC3}.Stable Debug|Any CPU.ActiveCfg = Stable Debug|Any CPU
		{94674F58-4ADD-4229-A5C4-0FAC2413ADC3}.Stable Debug|Any CPU.Build.0 = Stable Debug|Any CPU
		{94674F58-4ADD-4229-A5C4-0FAC2413ADC3}.Stable Release|Any CPU.ActiveCfg = Stable Release|Any CPU
		{94674F58-4ADD-4229-A5C4-0FAC2413ADC3}.Stable Release|Any CPU.Build.0 = Stable Release|Any CPU
	EndGlobalSection
	GlobalSection(SolutionProperties) = preSolution
		HideSolutionNode = FALSE
	EndGlobalSection
	GlobalSection(ExtensibilityGlobals) = postSolution
		SolutionGuid = {0C55B7B6-630C-4E26-AC58-297B4AE2C452}
	EndGlobalSection
EndGlobal
